
Microsoft Visual Studio Solution File, Format Version 12.00
# Visual Studio 14
VisualStudioVersion = 14.0.25420.1
MinimumVisualStudioVersion = 10.0.40219.1
Project("{FAE04EC0-301F-11D3-BF4B-00C04F79EFBC}") = "TicTacToe.Web", "TicTacToe.Web\TicTacToe.Web.csproj", "{F72EEA3D-973D-48B3-9183-B2CEDE2E9D4A}"
EndProject
Project("{FAE04EC0-301F-11D3-BF4B-00C04F79EFBC}") = "TicTacToe.Web.Tests", "TicTacToe.Web.Tests\TicTacToe.Web.Tests.csproj", "{DEF9733B-C6A3-4850-AF22-BA7F9B5C6227}"
EndProject
Project("{FAE04EC0-301F-11D3-BF4B-00C04F79EFBC}") = "TicTacToe.ServiceLayer", "TicTacToe.ServiceLayer\TicTacToe.ServiceLayer.csproj", "{CD064B6E-1D82-4EC2-9D32-2D63A5640EFB}"
EndProject
Project("{FAE04EC0-301F-11D3-BF4B-00C04F79EFBC}") = "TicTacToe.ServiceLayerTests", "TicTacToe.ServiceLayerTests\TicTacToe.ServiceLayerTests.csproj", "{7544CAB0-D69B-411C-A250-0EE8A4D41670}"
EndProject
Project("{FAE04EC0-301F-11D3-BF4B-00C04F79EFBC}") = "TicTacToe.Models", "TicTacToe.Models\TicTacToe.Models.csproj", "{0FBCC8C3-C3FA-4895-A4F6-70BEC6A0754F}"
EndProject
Project("{FAE04EC0-301F-11D3-BF4B-00C04F79EFBC}") = "TicTacToe.DataLayer", "TicTacToe.DataLayer\TicTacToe.DataLayer.csproj", "{DDC07EFA-EB4E-47E9-B940-19155ADD8230}"
EndProject
Project("{FAE04EC0-301F-11D3-BF4B-00C04F79EFBC}") = "TicTacToeCommon", "TicTacToeCommon\TicTacToeCommon.csproj", "{9AEDDCF1-9B80-4369-AC0F-8514B7384B89}"
EndProject
Project("{2150E333-8FDC-42A3-9474-1A3956D46DE8}") = "Solution Items", "Solution Items", "{3A13AA5B-59BA-4FAF-99C6-D8E5A3D76743}"
	ProjectSection(SolutionItems) = preProject
		WE-Palette.css = WE-Palette.css
		WebEssentials2015-Settings.json = WebEssentials2015-Settings.json
	EndProjectSection
EndProject
Project("{FAE04EC0-301F-11D3-BF4B-00C04F79EFBC}") = "TicTacToe.Computer", "TicTacToe.Computer\TicTacToe.Computer.csproj", "{3050ABEC-0881-49BD-9D42-D775DDEAC8EA}"
EndProject
Project("{FAE04EC0-301F-11D3-BF4B-00C04F79EFBC}") = "TicTacToe.ComputerTests", "TicTacToe.ComputerTests\TicTacToe.ComputerTests.csproj", "{42257F1B-5EC2-4380-8092-867CF63D6A3B}"
EndProject
Project("{2150E333-8FDC-42A3-9474-1A3956D46DE8}") = "Tests", "Tests", "{128F02A4-CCDE-4090-BE40-17B44B272E2F}"
EndProject
Project("{FAE04EC0-301F-11D3-BF4B-00C04F79EFBC}") = "DependencyResolver", "DependencyResolver\DependencyResolver.csproj", "{B99AD243-74B7-4EA5-8AA8-F30199D01FE9}"
EndProject
Project("{FAE04EC0-301F-11D3-BF4B-00C04F79EFBC}") = "TicTacToe.ComputerChooser.Interfaces", "TicTacToe.ComputerChooser.Interfaces\TicTacToe.ComputerChooser.Interfaces.csproj", "{8DA374F7-07C9-4077-950D-59C5509D1CCA}"
EndProject
Project("{FAE04EC0-301F-11D3-BF4B-00C04F79EFBC}") = "TicTacToe.ComputerChooser", "TicTacToe.ComputerChooser\TicTacToe.ComputerChooser.csproj", "{D6ED1737-6258-4E4B-B461-993ED66CC1DC}"
EndProject
Project("{FAE04EC0-301F-11D3-BF4B-00C04F79EFBC}") = "TicTacToe.Computer.Interfaces", "TicTacToe.Computer.Interfaces\TicTacToe.Computer.Interfaces.csproj", "{0216D519-BA50-4B1E-BE24-42DEEB8DA1A0}"
EndProject
Project("{FAE04EC0-301F-11D3-BF4B-00C04F79EFBC}") = "TicTacToe.Computer.Models", "TicTacToe.Computer.Models\TicTacToe.Computer.Models.csproj", "{9A7422CB-4B39-4358-AB64-5BB7653BA3A9}"
EndProject
Project("{FAE04EC0-301F-11D3-BF4B-00C04F79EFBC}") = "TicTacToe.DataLayer.Interfaces", "TicTacToe.DataLayer.Interfaces\TicTacToe.DataLayer.Interfaces.csproj", "{1D582E07-9892-4332-A4AD-1B52C1FAE57C}"
EndProject
Project("{FAE04EC0-301F-11D3-BF4B-00C04F79EFBC}") = "TicTacToe.ServiceLayer.Interfaces", "TicTacToe.ServiceLayer.Interfaces\TicTacToe.ServiceLayer.Interfaces.csproj", "{643E0635-48A3-4053-8506-C5598F799B8E}"
EndProject
Project("{FAE04EC0-301F-11D3-BF4B-00C04F79EFBC}") = "TicTacToe.ComputerMinMax", "TicTacToe.ComputerMinMax\TicTacToe.ComputerMinMax.csproj", "{72AB3405-C1E8-493B-B457-4AD922CEE4F7}"
EndProject
Project("{FAE04EC0-301F-11D3-BF4B-00C04F79EFBC}") = "TicTacToe.ComputerMinMax.Tests", "TicTacToe.ComputerMinMax.Tests\TicTacToe.ComputerMinMax.Tests.csproj", "{30B2EF56-CF15-46CE-8A4B-BA6873EAA79A}"
EndProject
Project("{FAE04EC0-301F-11D3-BF4B-00C04F79EFBC}") = "TicTacToe.ComputerChooser.Tests", "TicTacToe.ComputerChooser.Tests\TicTacToe.ComputerChooser.Tests.csproj", "{98DDFBFA-3877-419D-86A7-9577F9369E50}"
EndProject
Project("{FAE04EC0-301F-11D3-BF4B-00C04F79EFBC}") = "DependencyResolver.Tests", "DependencyResolver.Tests\DependencyResolver.Tests.csproj", "{36007498-AE5A-423F-9003-2DEF87A549E7}"
EndProject
Project("{FAE04EC0-301F-11D3-BF4B-00C04F79EFBC}") = "TicTacToe.DataLayer.Tests", "TicTacToe.DataLayer.Tests\TicTacToe.DataLayer.Tests.csproj", "{9E9D886B-F03C-47B4-9556-86443622B563}"
EndProject
Global
	GlobalSection(SolutionConfigurationPlatforms) = preSolution
		Debug|Any CPU = Debug|Any CPU
		Release|Any CPU = Release|Any CPU
	EndGlobalSection
	GlobalSection(ProjectConfigurationPlatforms) = postSolution
		{F72EEA3D-973D-48B3-9183-B2CEDE2E9D4A}.Debug|Any CPU.ActiveCfg = Debug|Any CPU
		{F72EEA3D-973D-48B3-9183-B2CEDE2E9D4A}.Debug|Any CPU.Build.0 = Debug|Any CPU
		{F72EEA3D-973D-48B3-9183-B2CEDE2E9D4A}.Release|Any CPU.ActiveCfg = Release|Any CPU
		{F72EEA3D-973D-48B3-9183-B2CEDE2E9D4A}.Release|Any CPU.Build.0 = Release|Any CPU
		{DEF9733B-C6A3-4850-AF22-BA7F9B5C6227}.Debug|Any CPU.ActiveCfg = Debug|Any CPU
		{DEF9733B-C6A3-4850-AF22-BA7F9B5C6227}.Debug|Any CPU.Build.0 = Debug|Any CPU
		{DEF9733B-C6A3-4850-AF22-BA7F9B5C6227}.Release|Any CPU.ActiveCfg = Release|Any CPU
		{DEF9733B-C6A3-4850-AF22-BA7F9B5C6227}.Release|Any CPU.Build.0 = Release|Any CPU
		{CD064B6E-1D82-4EC2-9D32-2D63A5640EFB}.Debug|Any CPU.ActiveCfg = Debug|Any CPU
		{CD064B6E-1D82-4EC2-9D32-2D63A5640EFB}.Debug|Any CPU.Build.0 = Debug|Any CPU
		{CD064B6E-1D82-4EC2-9D32-2D63A5640EFB}.Release|Any CPU.ActiveCfg = Release|Any CPU
		{CD064B6E-1D82-4EC2-9D32-2D63A5640EFB}.Release|Any CPU.Build.0 = Release|Any CPU
		{7544CAB0-D69B-411C-A250-0EE8A4D41670}.Debug|Any CPU.ActiveCfg = Debug|Any CPU
		{7544CAB0-D69B-411C-A250-0EE8A4D41670}.Debug|Any CPU.Build.0 = Debug|Any CPU
		{7544CAB0-D69B-411C-A250-0EE8A4D41670}.Release|Any CPU.ActiveCfg = Release|Any CPU
		{7544CAB0-D69B-411C-A250-0EE8A4D41670}.Release|Any CPU.Build.0 = Release|Any CPU
		{0FBCC8C3-C3FA-4895-A4F6-70BEC6A0754F}.Debug|Any CPU.ActiveCfg = Debug|Any CPU
		{0FBCC8C3-C3FA-4895-A4F6-70BEC6A0754F}.Debug|Any CPU.Build.0 = Debug|Any CPU
		{0FBCC8C3-C3FA-4895-A4F6-70BEC6A0754F}.Release|Any CPU.ActiveCfg = Release|Any CPU
		{0FBCC8C3-C3FA-4895-A4F6-70BEC6A0754F}.Release|Any CPU.Build.0 = Release|Any CPU
		{DDC07EFA-EB4E-47E9-B940-19155ADD8230}.Debug|Any CPU.ActiveCfg = Debug|Any CPU
		{DDC07EFA-EB4E-47E9-B940-19155ADD8230}.Debug|Any CPU.Build.0 = Debug|Any CPU
		{DDC07EFA-EB4E-47E9-B940-19155ADD8230}.Release|Any CPU.ActiveCfg = Release|Any CPU
		{DDC07EFA-EB4E-47E9-B940-19155ADD8230}.Release|Any CPU.Build.0 = Release|Any CPU
		{9AEDDCF1-9B80-4369-AC0F-8514B7384B89}.Debug|Any CPU.ActiveCfg = Debug|Any CPU
		{9AEDDCF1-9B80-4369-AC0F-8514B7384B89}.Debug|Any CPU.Build.0 = Debug|Any CPU
		{9AEDDCF1-9B80-4369-AC0F-8514B7384B89}.Release|Any CPU.ActiveCfg = Release|Any CPU
		{9AEDDCF1-9B80-4369-AC0F-8514B7384B89}.Release|Any CPU.Build.0 = Release|Any CPU
		{3050ABEC-0881-49BD-9D42-D775DDEAC8EA}.Debug|Any CPU.ActiveCfg = Debug|Any CPU
		{3050ABEC-0881-49BD-9D42-D775DDEAC8EA}.Debug|Any CPU.Build.0 = Debug|Any CPU
		{3050ABEC-0881-49BD-9D42-D775DDEAC8EA}.Release|Any CPU.ActiveCfg = Release|Any CPU
		{3050ABEC-0881-49BD-9D42-D775DDEAC8EA}.Release|Any CPU.Build.0 = Release|Any CPU
		{42257F1B-5EC2-4380-8092-867CF63D6A3B}.Debug|Any CPU.ActiveCfg = Debug|Any CPU
		{42257F1B-5EC2-4380-8092-867CF63D6A3B}.Debug|Any CPU.Build.0 = Debug|Any CPU
		{42257F1B-5EC2-4380-8092-867CF63D6A3B}.Release|Any CPU.ActiveCfg = Release|Any CPU
		{42257F1B-5EC2-4380-8092-867CF63D6A3B}.Release|Any CPU.Build.0 = Release|Any CPU
		{B99AD243-74B7-4EA5-8AA8-F30199D01FE9}.Debug|Any CPU.ActiveCfg = Debug|Any CPU
		{B99AD243-74B7-4EA5-8AA8-F30199D01FE9}.Debug|Any CPU.Build.0 = Debug|Any CPU
		{B99AD243-74B7-4EA5-8AA8-F30199D01FE9}.Release|Any CPU.ActiveCfg = Release|Any CPU
		{B99AD243-74B7-4EA5-8AA8-F30199D01FE9}.Release|Any CPU.Build.0 = Release|Any CPU
		{8DA374F7-07C9-4077-950D-59C5509D1CCA}.Debug|Any CPU.ActiveCfg = Debug|Any CPU
		{8DA374F7-07C9-4077-950D-59C5509D1CCA}.Debug|Any CPU.Build.0 = Debug|Any CPU
		{8DA374F7-07C9-4077-950D-59C5509D1CCA}.Release|Any CPU.ActiveCfg = Release|Any CPU
		{8DA374F7-07C9-4077-950D-59C5509D1CCA}.Release|Any CPU.Build.0 = Release|Any CPU
		{D6ED1737-6258-4E4B-B461-993ED66CC1DC}.Debug|Any CPU.ActiveCfg = Debug|Any CPU
		{D6ED1737-6258-4E4B-B461-993ED66CC1DC}.Debug|Any CPU.Build.0 = Debug|Any CPU
		{D6ED1737-6258-4E4B-B461-993ED66CC1DC}.Release|Any CPU.ActiveCfg = Release|Any CPU
		{D6ED1737-6258-4E4B-B461-993ED66CC1DC}.Release|Any CPU.Build.0 = Release|Any CPU
		{0216D519-BA50-4B1E-BE24-42DEEB8DA1A0}.Debug|Any CPU.ActiveCfg = Debug|Any CPU
		{0216D519-BA50-4B1E-BE24-42DEEB8DA1A0}.Debug|Any CPU.Build.0 = Debug|Any CPU
		{0216D519-BA50-4B1E-BE24-42DEEB8DA1A0}.Release|Any CPU.ActiveCfg = Release|Any CPU
		{0216D519-BA50-4B1E-BE24-42DEEB8DA1A0}.Release|Any CPU.Build.0 = Release|Any CPU
		{9A7422CB-4B39-4358-AB64-5BB7653BA3A9}.Debug|Any CPU.ActiveCfg = Debug|Any CPU
		{9A7422CB-4B39-4358-AB64-5BB7653BA3A9}.Debug|Any CPU.Build.0 = Debug|Any CPU
		{9A7422CB-4B39-4358-AB64-5BB7653BA3A9}.Release|Any CPU.ActiveCfg = Release|Any CPU
		{9A7422CB-4B39-4358-AB64-5BB7653BA3A9}.Release|Any CPU.Build.0 = Release|Any CPU
		{1D582E07-9892-4332-A4AD-1B52C1FAE57C}.Debug|Any CPU.ActiveCfg = Debug|Any CPU
		{1D582E07-9892-4332-A4AD-1B52C1FAE57C}.Debug|Any CPU.Build.0 = Debug|Any CPU
		{1D582E07-9892-4332-A4AD-1B52C1FAE57C}.Release|Any CPU.ActiveCfg = Release|Any CPU
		{1D582E07-9892-4332-A4AD-1B52C1FAE57C}.Release|Any CPU.Build.0 = Release|Any CPU
		{643E0635-48A3-4053-8506-C5598F799B8E}.Debug|Any CPU.ActiveCfg = Debug|Any CPU
		{643E0635-48A3-4053-8506-C5598F799B8E}.Debug|Any CPU.Build.0 = Debug|Any CPU
		{643E0635-48A3-4053-8506-C5598F799B8E}.Release|Any CPU.ActiveCfg = Release|Any CPU
		{643E0635-48A3-4053-8506-C5598F799B8E}.Release|Any CPU.Build.0 = Release|Any CPU
		{72AB3405-C1E8-493B-B457-4AD922CEE4F7}.Debug|Any CPU.ActiveCfg = Debug|Any CPU
		{72AB3405-C1E8-493B-B457-4AD922CEE4F7}.Debug|Any CPU.Build.0 = Debug|Any CPU
		{72AB3405-C1E8-493B-B457-4AD922CEE4F7}.Release|Any CPU.ActiveCfg = Release|Any CPU
		{72AB3405-C1E8-493B-B457-4AD922CEE4F7}.Release|Any CPU.Build.0 = Release|Any CPU
		{30B2EF56-CF15-46CE-8A4B-BA6873EAA79A}.Debug|Any CPU.ActiveCfg = Debug|Any CPU
		{30B2EF56-CF15-46CE-8A4B-BA6873EAA79A}.Debug|Any CPU.Build.0 = Debug|Any CPU
		{30B2EF56-CF15-46CE-8A4B-BA6873EAA79A}.Release|Any CPU.ActiveCfg = Release|Any CPU
		{30B2EF56-CF15-46CE-8A4B-BA6873EAA79A}.Release|Any CPU.Build.0 = Release|Any CPU
		{98DDFBFA-3877-419D-86A7-9577F9369E50}.Debug|Any CPU.ActiveCfg = Debug|Any CPU
		{98DDFBFA-3877-419D-86A7-9577F9369E50}.Debug|Any CPU.Build.0 = Debug|Any CPU
		{98DDFBFA-3877-419D-86A7-9577F9369E50}.Release|Any CPU.ActiveCfg = Release|Any CPU
		{98DDFBFA-3877-419D-86A7-9577F9369E50}.Release|Any CPU.Build.0 = Release|Any CPU
		{36007498-AE5A-423F-9003-2DEF87A549E7}.Debug|Any CPU.ActiveCfg = Debug|Any CPU
		{36007498-AE5A-423F-9003-2DEF87A549E7}.Debug|Any CPU.Build.0 = Debug|Any CPU
		{36007498-AE5A-423F-9003-2DEF87A549E7}.Release|Any CPU.ActiveCfg = Release|Any CPU
		{36007498-AE5A-423F-9003-2DEF87A549E7}.Release|Any CPU.Build.0 = Release|Any CPU
		{9E9D886B-F03C-47B4-9556-86443622B563}.Debug|Any CPU.ActiveCfg = Debug|Any CPU
		{9E9D886B-F03C-47B4-9556-86443622B563}.Debug|Any CPU.Build.0 = Debug|Any CPU
		{9E9D886B-F03C-47B4-9556-86443622B563}.Release|Any CPU.ActiveCfg = Release|Any CPU
		{9E9D886B-F03C-47B4-9556-86443622B563}.Release|Any CPU.Build.0 = Release|Any CPU
	EndGlobalSection
	GlobalSection(SolutionProperties) = preSolution
		HideSolutionNode = FALSE
	EndGlobalSection
EndGlobal
