
Microsoft Visual Studio Solution File, Format Version 12.00
# Visual Studio 14
VisualStudioVersion = 14.0.25420.1
MinimumVisualStudioVersion = 10.0.40219.1
Project("{FAE04EC0-301F-11D3-BF4B-00C04F79EFBC}") = "WebClient", "WebClient\WebClient.csproj", "{2EB50DD4-EFC5-4B5D-9345-DFDC4CB2D68F}"
EndProject
Project("{FAE04EC0-301F-11D3-BF4B-00C04F79EFBC}") = "WebClient.Tests", "WebClient.Tests\WebClient.Tests.csproj", "{5149DA15-5FA8-49E4-BCFC-A2ABA80CB68F}"
EndProject
Project("{FAE04EC0-301F-11D3-BF4B-00C04F79EFBC}") = "TicTacToe.Web", "TicTacToe.Web\TicTacToe.Web.csproj", "{F72EEA3D-973D-48B3-9183-B2CEDE2E9D4A}"
EndProject
Project("{FAE04EC0-301F-11D3-BF4B-00C04F79EFBC}") = "TicTacToe.Web.Tests", "TicTacToe.Web.Tests\TicTacToe.Web.Tests.csproj", "{DEF9733B-C6A3-4850-AF22-BA7F9B5C6227}"
EndProject
Global
	GlobalSection(SolutionConfigurationPlatforms) = preSolution
		Debug|Any CPU = Debug|Any CPU
		Release|Any CPU = Release|Any CPU
	EndGlobalSection
	GlobalSection(ProjectConfigurationPlatforms) = postSolution
		{2EB50DD4-EFC5-4B5D-9345-DFDC4CB2D68F}.Debug|Any CPU.ActiveCfg = Debug|Any CPU
		{2EB50DD4-EFC5-4B5D-9345-DFDC4CB2D68F}.Debug|Any CPU.Build.0 = Debug|Any CPU
		{2EB50DD4-EFC5-4B5D-9345-DFDC4CB2D68F}.Release|Any CPU.ActiveCfg = Release|Any CPU
		{2EB50DD4-EFC5-4B5D-9345-DFDC4CB2D68F}.Release|Any CPU.Build.0 = Release|Any CPU
		{5149DA15-5FA8-49E4-BCFC-A2ABA80CB68F}.Debug|Any CPU.ActiveCfg = Debug|Any CPU
		{5149DA15-5FA8-49E4-BCFC-A2ABA80CB68F}.Debug|Any CPU.Build.0 = Debug|Any CPU
		{5149DA15-5FA8-49E4-BCFC-A2ABA80CB68F}.Release|Any CPU.ActiveCfg = Release|Any CPU
		{5149DA15-5FA8-49E4-BCFC-A2ABA80CB68F}.Release|Any CPU.Build.0 = Release|Any CPU
		{F72EEA3D-973D-48B3-9183-B2CEDE2E9D4A}.Debug|Any CPU.ActiveCfg = Debug|Any CPU
		{F72EEA3D-973D-48B3-9183-B2CEDE2E9D4A}.Debug|Any CPU.Build.0 = Debug|Any CPU
		{F72EEA3D-973D-48B3-9183-B2CEDE2E9D4A}.Release|Any CPU.ActiveCfg = Release|Any CPU
		{F72EEA3D-973D-48B3-9183-B2CEDE2E9D4A}.Release|Any CPU.Build.0 = Release|Any CPU
		{DEF9733B-C6A3-4850-AF22-BA7F9B5C6227}.Debug|Any CPU.ActiveCfg = Debug|Any CPU
		{DEF9733B-C6A3-4850-AF22-BA7F9B5C6227}.Debug|Any CPU.Build.0 = Debug|Any CPU
		{DEF9733B-C6A3-4850-AF22-BA7F9B5C6227}.Release|Any CPU.ActiveCfg = Release|Any CPU
		{DEF9733B-C6A3-4850-AF22-BA7F9B5C6227}.Release|Any CPU.Build.0 = Release|Any CPU
	EndGlobalSection
	GlobalSection(SolutionProperties) = preSolution
		HideSolutionNode = FALSE
	EndGlobalSection
EndGlobal
